version: 1
files:
  packages/common/src/locale/dashboard/en.json:
    dashboard.title: 2938c7f7e560ed972f8a4f68e80ff834
    dashboard.description: f650603046597390c7e202553b2b9033
    dashboard.overview.storeHeader.liveStore: d2e0a4199be2b6f2aaae136b60c329e2
    dashboard.overview.storeHeader.yourStoreLink: 5a903397955c2aef24a0a7672d9ec17e
    dashboard.overview.storeHeader.tapToCopy: 18c64fb6514d553213c865b1a869a91e
    dashboard.overview.todaysPerformance.title: 007ae933a4feac218b91b9a9b8e63e6c
    dashboard.overview.todaysPerformance.orders: 7442e29d7d53e549b78d93c46b8cdcfc
    dashboard.overview.todaysPerformance.revenue: 54358a914f51e1af19df8520159fe607
    dashboard.overview.thisWeek.title: 983268bc2eba161bbc25dd3e73ecdba0
    dashboard.overview.thisWeek.orders: 7442e29d7d53e549b78d93c46b8cdcfc
    dashboard.overview.quickActions.title: 07a221d6f9e778b8b4de7cbd9fc415b9
    dashboard.overview.quickActions.addProduct: 3fa8c89ef63fbb7056fc1d8d1b67f97a
    dashboard.overview.quickActions.viewOrders: 2309d9606fa9660d65acfbb60d055284
    auth.emailSignIn.continue: a0bfb8e59e6c13fc8d990781f77694fe
    auth.emailSignIn.rememberMe: 878530871f0db73f004f5bd6591eeb76
    auth.emailSignIn.back: 0557fa923dcee4d0f86b1409f5c2167f
    auth.emailSignIn.signIn: b6d4223e60986fa4c9af77ee5f7149c5
    auth.emailSignIn.email.placeholder: 95d3fa6b9e69c588a333f4e78139a7cd
    auth.emailSignIn.email.label: b357b524e740bc85b9790a0712d84a30
    auth.emailSignIn.password.placeholder: e8d28194f9b3498d21fbda21321d0226
    auth.emailSignIn.password.label: dc647eb65e6711e155375218212b3964
    settings.telegram.title: 1ddbd0a49932f6c1784e13e31f285376
    settings.telegram.description: ad8f3be53a7eed24d89fb41b20b685b1
    settings.telegram.linked: 7330094b095d2229d0774a58fa8000ff
    settings.telegram.recently: 9d37489d0dc3801455919cceb4b67e99
    settings.telegram.linkButton: 031129e8cba87236db403ef51daf40a1
    settings.telegram.disconnectButton: d6cd2778f7c1d46c6c42be3a772581b4
    settings.telegram.disconnectTitle: 2d644692ce2ec96d9258ef004556bc8a
    settings.telegram.disconnectDescription: cf1b5deceb48d4d3c06450b1ff103eda
    settings.telegram.disconnectPlaceholder: d842cb6e3229dc4b9423b55e33e1c0a8
    settings.telegram.disconnectSuccess: 813b78563580988286533952a0d85598
    settings.telegram.disconnectError: 16dfbef837506d34f5b14082104a655b
    settings.telegram.disconnectNotLinked: cdd9f705350076b7cf3dbad16fe77ec1
    settings.telegram.yourStores: f99753cf9361408363439104139a2320
    settings.telegram.otpCode: 660242b9344c59777574a90d04ce857c
    settings.telegram.storeNameLabel: e3fb0b5e9ce53fe70b119648fc217f44
    settings.telegram.cancelButton: ea4788705e6873b424c65e91c2846b19
    settings.telegram.option1: a424c4291d39df53d295a594fd6d5d57
    settings.telegram.option2: 9d690bb39492bcd2a1bec5cf02001d19
    settings.telegram.expires: f96c8e9c58ac0fac6c7615e06415de36
    settings.telegram.error: b028ccd04708b8c3c7722956e149a718
    settings.telegram.storeNameRequired: 8e8ee004d00532ee457a426b1c53fa6a
    onboarding.storeSetup.title: 7d76d7f2be8081594740e40d3b11f693
    onboarding.storeSetup.subtitle: ac80e9b3d153136a47b1f64bf183eb83
    onboarding.storeSetup.storeName.label: e3fb0b5e9ce53fe70b119648fc217f44
    onboarding.storeSetup.storeName.placeholder: cad95a3a1c59138e1827b7397c2c3b25
    onboarding.storeSetup.notifications.label: 4607837f65b2472c77e8e6b2c92304c5
    onboarding.storeSetup.notifications.options.email.label: 3caac88fd2cfb66b30bf5c3bb963e2ae
    onboarding.storeSetup.notifications.options.email.description: ffdefa4bc271ce0328e7ca43f303ca8e
    onboarding.storeSetup.notifications.options.telegram.label: 404c9554dc3cfb8c520796d4114739ba
    onboarding.storeSetup.notifications.options.telegram.description: f2dbf67a0e38b31420f83f2d83fb37e7
    onboarding.storeSetup.notifications.options.both.label: 130c5b3473c57faa76e2a1c54e26f88e
    onboarding.storeSetup.notifications.options.both.description: a168a30f111bc99a4d19d73f8a43bf02
    onboarding.storeSetup.submit: a0bfb8e59e6c13fc8d990781f77694fe
    onboarding.storeConfiguration.title: 453d90f549ba2b0fb3705acd5e005728
    onboarding.storeConfiguration.subtitle: 43a998374abbd308ffc241a811fa0706
    onboarding.storeConfiguration.category.label: cfb37d623974c20c0ecb035912c1d9d1
    onboarding.storeConfiguration.category.options.fashion.label: 93e002c712ad248bb0ade31909cef876
    onboarding.storeConfiguration.category.options.fashion.description: 96b1b876bcdb8193b39a8f5d4e6b6f31
    onboarding.storeConfiguration.category.options.electronics.label: ee3c6e8ed9c27c45f161ea416c997df8
    onboarding.storeConfiguration.category.options.electronics.description: c18c15d9576d7ad9d2d02c4448f2ca72
    onboarding.storeConfiguration.category.options.food.label: 0a38e7286ebbb560354992b3ce62be67
    onboarding.storeConfiguration.category.options.food.description: 0924a06128a281b8545cfb34b68d8112
    onboarding.storeConfiguration.category.options.home.label: 8cf04a9734132302f96da8e113e80ce5
    onboarding.storeConfiguration.category.options.home.description: a22910ff650f398c6e9503f43c298e50
    onboarding.storeConfiguration.category.options.beauty.label: 7a7f3a70f71ac2372ae60e431b8236bb
    onboarding.storeConfiguration.category.options.beauty.description: ab00aca5cc0b1260338194768031156f
    onboarding.storeConfiguration.category.options.sports.label: 918e180e06b96c76b7193c9fcb1cb312
    onboarding.storeConfiguration.category.options.sports.description: 69ebba82a6656d13d65db171ff67bbe4
    onboarding.storeConfiguration.category.options.books.label: 6225eb5bf8a031f750a1b03f810ccc6a
    onboarding.storeConfiguration.category.options.books.description: 71832af71280798e8cfce4b23cd7ac9e
    onboarding.storeConfiguration.category.options.toys.label: 66d0af2d5da0109dc2aae67829f7d4d4
    onboarding.storeConfiguration.category.options.toys.description: dedac511b245f7e8aa1e4b63ad2d01a9
    onboarding.storeConfiguration.category.options.other.label: 6311ae17c1ee52b36e68aaf4ad066387
    onboarding.storeConfiguration.category.options.other.description: 0c70b13506d16c2b353d42b13c72ffc1
    onboarding.storeConfiguration.theme.label: 329474a9c3e975d599cd00a3c36030f1
    onboarding.storeConfiguration.theme.options.light.label: 9914a0ce04a7b7b6a8e39bec55064b82
    onboarding.storeConfiguration.theme.options.light.description: af5a5f61f6d37f141e0518c434cfeb6f
    onboarding.storeConfiguration.theme.options.dark.label: a18366b217ebf811ad1886e4f4f865b2
    onboarding.storeConfiguration.theme.options.dark.description: 928a2d1d052a6ee11af80ec7cff6e691
    onboarding.storeConfiguration.theme.options.minimal.label: 30fc6bbba82125243ecf4ddb27fee645
    onboarding.storeConfiguration.theme.options.minimal.description: 9d910bbd57f51e87b7ac7976ae211a56
    onboarding.storeConfiguration.theme.options.modern.label: ad1c9cd3e7b07e2c364c985f73188054
    onboarding.storeConfiguration.theme.options.modern.description: c5a7623d4c137e797231cfba3dc5ddde
    onboarding.storeConfiguration.theme.options.classic.label: d35b51b639528d580362ca7042de6a0e
    onboarding.storeConfiguration.theme.options.classic.description: 4eac152faa912f3146080e0e88d9656a
    onboarding.storeConfiguration.submit: 223d7226693427e0983c422e4b359502
    onboarding.steps.signup: 08bd40c7543007ad06e4fce31618f6ec
    onboarding.steps.storeSetup: fdb0c388de01d545017cdf9ccf00eb72
    onboarding.steps.storeConfiguration: f1206f9fadc5ce41694f69129aecac26
    onboarding.steps.complete: e7d31fc0602fb2ede144d18cdffd816b
    onboarding.signup.title: 5bef23eb7efff2736c5583bda59e5eb7
    onboarding.signup.subtitle: 582f7ea78ee567fabccea0f30a84c9a6
    onboarding.signup.name.label: 85d497a141b77922ba13652ab6a477ad
    onboarding.signup.name.placeholder: 387af98b1574a74e12eb99f3ed220831
    onboarding.signup.email.label: b357b524e740bc85b9790a0712d84a30
    onboarding.signup.email.placeholder: 67135a14d3ac4f1369633dd006d6efec
    onboarding.signup.email.description: f9d130311c8a588156cbcb378221328f
    onboarding.signup.email.missingWarning: d521c6e229beb964e6f1f953d9382c3f
    onboarding.signup.email.existsError: d76ace78ee529eee4c1a861c008d8012
    onboarding.signup.email.readonlyHint: f1ee9b218e7a67105a59d0f1015fe8fe
    onboarding.signup.email.validating: 062174ff97a5c7a7521b2a4b7eea74a2
    onboarding.signup.password.label: f1c825f275f3380b633e09ea14f06544
    onboarding.signup.password.placeholder: 26e1b111a955bc60dd79b0b6332f2432
    onboarding.signup.submit: e2ddee0e1d9e8ac7a109d8b33e062330
    onboarding.signup.alreadyHaveAccount: 21bdc5689c12595ae14298354d5550d5
    onboarding.signup.login: bffe9a3c9a7e00ba00a11749e022d911
    onboarding.signup.agreeText: 88529250514e59f82efe79524aeee107
    onboarding.signup.terms: 6f1bf85c9ebb3c7fa26251e1e335e032
    onboarding.signup.and: 6cff047854f19ac2aa52aac51bf3af4a
    onboarding.signup.privacy: fa2ead697d9998cbc65c81384e6533d5
    onboarding.complete.title: 978ed8bb22fd798eaea3e8e7ae86a7d1
    onboarding.complete.subtitle: 2f21bba2484c8b88f5845465abaeb07e
    onboarding.complete.storeLink.label: 6ebbf0990d9e79ff27b6865a1e88aade
    onboarding.complete.storeLink.copied: d6d0cbf0ac318dcbd935ded98b08ddc2
    onboarding.complete.telegram.title: 6e56a79b742c452abf9e9f48cb782fa7
    onboarding.complete.telegram.description: ade7c0958a0151f48f7e05ff5631cc5f
    onboarding.complete.telegram.otpLabel: 305e47c4596845ee14a98c99f95a50e6
    onboarding.complete.telegram.connectButton: 49ab28040dfa07f53544970c6d147e1e
    onboarding.complete.telegram.instructions: 11dbd658fa33381cec6642a66355870e
    onboarding.complete.actions.addProduct: eef8322794ae681e3a56fb490afbb327
    onboarding.complete.actions.goToDashboard: d19e8ab738bcb64f6c960a6ee116b3b5
    orders.list.title: 7442e29d7d53e549b78d93c46b8cdcfc
    orders.list.description: 127d93de8c58df28fba48af85424e0b1
    orders.list.searchPlaceholder: 3d2d34530fe2604eec85bb3d28a23ed2
    orders.list.empty: bde0e3bd032868c3026df6511fc00f52
    orders.list.error: 91f52eaa925e08dcab82d7f60b817fd6
    orders.list.refresh: 40b9ee51db0383fc05af244829f38c2a
    orders.list.call: c3755e61202abd74da5885d2e9c9160e
    orders.list.advanceStatus: 0a86dddc699c7e6fe7f1e43153a5cbee
    orders.list.itemsCount: ad3da129e14b05ef4090066697b98487
    orders.list.cashOnDelivery: 22d2c7f90dc862df71ac7aff95183fb2
    orders.list.card: 1d565b9e5303987bb1b1938d5d458bca
    orders.list.today: 1dd1c5fb7f25cd41b291d43a89e3aefd
    orders.list.yesterday: ebfe9ce86e6e9fb953aa7a25b59c1956
    orders.list.viewOrder: dc461c561241eede5755542991795af2
    orders.list.filters.all: b1c94ca2fbc3e78fc30069c8d0f01680
    orders.list.filters.pending: 2d13df6f8b5e4c5af9f87e0dc39df69d
    orders.list.filters.confirmed: 205bc73c4ab4286a1fb9d4c18322777c
    orders.list.filters.processing: 643562a9ae7099c8aabfdc93478db117
    orders.list.filters.shipped: 747cf5c8587184b9e489ff897d97c20d
    orders.list.filters.delivered: 67edd3b99247c9eb5884a02802a20fa7
    orders.list.filters.cancelled: a149e85a44aeec9140e92733d9ed694e
    orders.list.status.pending: 70c3b6d86024a3f622d87242f108bb92
    orders.list.status.confirmed: 205bc73c4ab4286a1fb9d4c18322777c
    orders.list.status.processing: 643562a9ae7099c8aabfdc93478db117
    orders.list.status.shipped: 747cf5c8587184b9e489ff897d97c20d
    orders.list.status.delivered: 67edd3b99247c9eb5884a02802a20fa7
    orders.list.status.cancelled: a149e85a44aeec9140e92733d9ed694e
    orders.list.filterDrawer.title: 15985753bbddc6f4481f765e62917bcb
    orders.list.filterDrawer.clearAll: 81aa2078d1eceede831b2976dbf32e62
    orders.list.filterDrawer.apply: 79ee641715155ec7d121815215f2b70c
    orders.list.filterDrawer.status: ec53a8c4f07baed5d8825072c89799be
    orders.list.filterDrawer.dateRange: 08ee10c9fa141c53ae44667dcc1adf1e
    orders.list.filterDrawer.pickDateRange: b08c8d8ad8b80d4918b295e33cb2b042
    orders.list.filterDrawer.from: 5da618e8e4b89c66fe86e32cdafde142
    orders.list.filterDrawer.to: e12167aa0a7698e6ebc92b4ce3909b53
    products.list.title: 068f80c7519d0528fb08e82137a72131
    products.list.description: 1f775e7d1340eecbf87dd76ad028ec89
    products.list.searchPlaceholder: 437ac95a91364eb49587af5e146b1745
    products.list.filters.all: b1c94ca2fbc3e78fc30069c8d0f01680
    products.list.filters.published: 9b9d8a976b42e0bd66381797644943d5
    products.list.filters.draft: f03ab16cd58372c77ba45a3d9a5a1cb9
    products.list.filters.archived: 7d69b3cb4cada18ae61811304f8fbcb5
    products.list.status.published: 9b9d8a976b42e0bd66381797644943d5
    products.list.status.draft: f03ab16cd58372c77ba45a3d9a5a1cb9
    products.list.status.archived: 7d69b3cb4cada18ae61811304f8fbcb5
    products.list.stockInfo: 899f890c87d8722251222154ac5a73fb
    products.list.stockInfoNoVariants: 70d366e9a8c8119c9bbf785fa86c7387
    products.list.stockCount: 557ecb607610c52e8d3820924edff636
    products.list.variantCount: ef8326aac0e6c311ebcf8717cd0764a3
    products.list.noVariants: 4b2492f2a54a5d602c3c7808db182c6b
    products.list.outOfStock: b55197a49e8c4cd8c314bc2aa39d6feb
    products.list.outOfStockVariants: 2bb99c501224b0b01e5dd633e3a0ddc3
    products.list.empty: 77c9aed4c4eee60df1f1efa2d8c37dcc
    products.list.error: 33a3a9e772d88f0752ec039c60992b86
    products.list.catalogCount: f75b37ce01bf1eea5aa667fb0b73043d
    products.list.catalogDefault: 02285fddf2f11c0c6d9fd84ce381bdc5
    products.list.addProduct: 11a738dd0c48f1401a059bca54bc119c
    products.list.filterDrawer.title: f3f43e30c8c7d78c6ac0173515e57a00
    products.list.filterDrawer.clearAll: 81aa2078d1eceede831b2976dbf32e62
    products.list.filterDrawer.apply: 79ee641715155ec7d121815215f2b70c
    products.list.filterDrawer.close: d3d2e617335f08df83599665eef8a418
    products.list.filterDrawer.status: ec53a8c4f07baed5d8825072c89799be
    products.list.filterDrawer.inventory: 4d604dd8f008145471dc845683399189
    products.list.filterDrawer.variants: e9ad310d6d05f80daeaad048b877fdfd
    products.list.filterDrawer.priceRange: 8980322893adc78bacdbeb81f96f9c52
    products.list.filterDrawer.all: 96e3d398260724e0a83da53a2e9f20e7
    products.list.filterDrawer.allStatuses: 96e3d398260724e0a83da53a2e9f20e7
    products.list.filterDrawer.published: 9b9d8a976b42e0bd66381797644943d5
    products.list.filterDrawer.draft: f03ab16cd58372c77ba45a3d9a5a1cb9
    products.list.filterDrawer.allInventory: b1c94ca2fbc3e78fc30069c8d0f01680
    products.list.filterDrawer.inStock: fcebe56087b9373f15514831184fa572
    products.list.filterDrawer.lowStock: 7e2525a11bd12b7925456dae1e15ccc3
    products.list.filterDrawer.outOfStock: b55197a49e8c4cd8c314bc2aa39d6feb
    products.list.filterDrawer.allProducts: 40dec546414c1ebdfde8d9858f0938c3
    products.list.filterDrawer.withVariants: 397a83b21b3104bb4508d74bd249a533
    products.list.filterDrawer.singleSku: 531a48dd6377f35c64421ee1479e385a
    products.list.filterDrawer.min: 78d811e98514cd165dda532286610fd2
    products.list.filterDrawer.max: 6a061313d22e51e0f25b7cd4dc065233
    products.list.actions.edit: 7dce122004969d56ae2e0245cb754d35
    products.list.actions.delete: f2a6c498fb90ee345d997f888fce3b18
    products.list.actions.publish: 110a4b01beabd53b661a47d4b44bd7a8
    products.list.actions.unpublish: 181e9a13059454fb2212f1bf10f394ac
    products.list.actions.archive: e727b00944f81e1d0a95c12886ac4641
    products.list.actions.deleteConfirmTitle: 3fc8a96873ad6ca0aab10982d2d57332
    products.list.actions.deleteConfirmDescription: 36fbfc01d63e4b57d18991077535c6e0
    products.list.actions.cancel: ea4788705e6873b424c65e91c2846b19
    products.create.header.title: 656c3be690ee43df4b845bd2a2ebe587
    products.create.header.save: c9cc8cce247e49bae79f15173ce97354
    products.create.sections.photos: c7c8998e1dd7c6ee3bd42f2bcb803d3c
    products.create.sections.essentials: 4d55f77f062bf48891bd0f749c36a36d
    products.create.sections.organization: d6b258792ff06f82933c74eeb8aef591
    products.create.sections.options: f0f6020f40acb5426fa9318fca5f30b9
    products.create.form.name.label: b9aefa40a54680bb258f9f9569290fae
    products.create.form.name.placeholder: be43991fabbba520bbebf2fd9ed6e75b
    products.create.form.price.label: 3601146c4e948c32b6424d2c0a7f0118
    products.create.form.price.placeholder: 0a1e8a723e53e3c12daedcef25a5393a
    products.create.form.stock.label: 27ce7f8b5623b2e2df568d64cf051607
    products.create.form.stock.placeholder: 260aa7224c78018577d0b50bc451285e
    products.create.form.description.label: b5a7adde1af5c87d7fd797b6245c2a39
    products.create.form.description.placeholder: 12392215e6fc7d7af2ee56061ccf5f24
    products.create.form.published.label: 9b9d8a976b42e0bd66381797644943d5
    products.create.form.published.placeholder: 756a9d43c7bcefdea831d7980b344341
    products.create.form.photos: 5daaf223b01f8f3e1bd9287170826fbc
    products.create.form.priceHelp: bc3cf15ac61e2b1f9ba6040723bd354f
    products.create.form.category.label: 3adbdb3ac060038aa0e6e6c138ef9873
    products.create.form.category.placeholder: b210532aab8d2d0eb5dedb0b6958802d
    products.create.form.category.searchPlaceholder: 42020b9480701cf6bf9e2abc0f9081f7
    products.create.form.category.noResults: b517d47ee7f199f132e17be3a7a7edc7
    products.create.form.category.create: 6cf32a7a43bcd74a241a9e20c51e35e8
    products.create.form.category.created: 377e3c310eabe9120532fda175bb761c
    products.create.form.category.nameLabel: 99121ab27aaa7472cfada9071c5ba434
    products.create.form.category.namePlaceholder: b28c83bba36c69d98d8422e09f002438
    products.create.form.category.createDescription: d4d9a1ec4fb94199c5351dfb1d51112c
    products.create.form.category.uncategorized: 0d015d96f63a8c12d96b8399482b593f
    products.create.form.options.label: f0f6020f40acb5426fa9318fca5f30b9
    products.create.form.options.description: b9e412ebf479f4186af2ac1167805b79
    products.create.form.saveDraft: 48ca50ce77bf12c9e86c6b4a98973ec9
    products.create.form.savePublish: 2157046d5665ca2ed2d41512dcf5106c
    products.create.form.optional: d57c24f3fe52d16e7169b912dd647f0d
    products.create.form.cancel: ea4788705e6873b424c65e91c2846b19
    products.create.form.validation.errors: 4bd4d79c077eb90981d7b4599e6b7b7c
    products.create.form.variants.options.title: ec1906ae787e4ccf7e8c6e8421e69d41
    products.create.form.variants.options.add: 704468d3ab12246ce00c4529d723eb60
    products.create.form.variants.options.empty: b9e412ebf479f4186af2ac1167805b79
    products.create.form.variants.options.unnamed: 1d40afaa0eb8644830e94dc51af42743
    products.create.form.variants.options.optionName: cad8a76c4d01c805ce0e9d2178709a2f
    products.create.form.variants.options.optionNamePlaceholder: 7805d41ff700f716d9802dc6fdf06b6b
    products.create.form.variants.options.values: c82a6100dace2b41087ba6cf99a5976a
    products.create.form.variants.options.addValue: d9ec74f5aa29ceef6bf7b45f7fec5d0f
    products.create.form.variants.options.noValues: b2559ddd60b40896fe3f7fb35e09a241
    products.create.form.variants.options.remove: c13b301c5b8b91198f15ff137c18e1d0
    products.create.form.variants.options.addAnother: 704468d3ab12246ce00c4529d723eb60
    products.create.form.variants.options.value: 689202409e48743b914713f96d93947c
    products.create.form.variants.list.title: e9ad310d6d05f80daeaad048b877fdfd
    products.create.form.variants.list.empty: 02606f5ce66ea3b29f1f16947d1dfa40
    products.create.form.variants.list.unnamed: b3c26ee9cac44cdc4fc82d861080bd56
    products.create.form.variants.list.price: 3601146c4e948c32b6424d2c0a7f0118
    products.create.form.variants.list.stock: 27ce7f8b5623b2e2df568d64cf051607
    products.create.form.variants.list.edit: dace99a05d1c934f6682e489b74910c7
    products.create.form.variants.edit.title: dace99a05d1c934f6682e489b74910c7
    products.create.form.variants.edit.sku: 6665e3761028c84e1d228de3432229ed
    products.create.form.variants.edit.skuPlaceholder: ebb061953c0454b2c8ee7b0ac615ebcd
    products.create.form.variants.edit.price: 3601146c4e948c32b6424d2c0a7f0118
    products.create.form.variants.edit.priceHelp: 60864114fe2f1f67b0063027679ee0b1
    products.create.form.variants.edit.stock: 27ce7f8b5623b2e2df568d64cf051607
    products.create.form.variants.validation.duplicateOptionName: 49a2c0f863776472930cb7ae34972472
    products.create.form.variants.validation.duplicateOptionValues: cab31c2e09b281b7fb4068cc9e52456a
    products.create.form.variants.validation.duplicateValue: 6a865b75e7fa0d6efffc21041a2d6a56
    products.create.form.variants.validation.duplicateOption: e62f59f46dc3d4ec62299b82ada0bdb5
    products.create.success: 80604c9d11ae593198aefa4577c6ae41
    products.create.noStore.title: 4b75c480bcac57bbee5c041bcedfe688
    products.create.noStore.description: 7af36a206b40613d844617bfbac45595
    products.create.noStore.createStore: 9c6e59d56dc4e8a12c07627b51ab3c27
    fields.images.label: 937d4703e4b4b07953a8ec425230b3af
    fields.images.dragActiveLabel: 2a83723db914aecd9197953b58dd99ba
    fields.images.hint: a868638b00a3df297bc69a70716c9960
  packages/common/src/locale/web/en.json:
    common.title: 320d58a491caec758288fbdf545c9a89
    common.description: 315dfc45ae153c215808d037f1e93d3f
    header.brandName: 7d2af33857c2734b660d85d0cd69032f
    header.features: 98f770b0af18ca763421bac22b4b6805
    header.pricing: e22ac25b066b201473de7aa700ef5d92
    header.startSelling: f044b2bda5b14e97a2c628173bd4be72
    hero.badge: a41217179728e958f6bcbbcf447c3d2c
    hero.titleLine1: cf4342069b99f72fa10d7c40dcedf738
    hero.titleLine2: 5accaa0c275e36a4a1a1aa8565ebcfb5
    hero.titleLine3: 33061d291c03ab3b238b0def845ad20f
    hero.titleLine4: a2139637a3cf0cb3eef7e0a82846e402
    hero.subtitle: 0b2659da4fe13de8fcca272173203aea
    hero.ctaPrimary: 26052cd72f665c3b2a413d6588407bfa
    hero.ctaSecondary: 590a6a51e1760be37fffd501f6b50df8
    painPoints.title: 0e70805326009291266d64c2a857b9e8
    painPoints.subtitle: ffc2adb090f324e16afe57e35e303f16
    painPoints.items.wastedTime.title: 01263627cf7cc74cef873feea6bcb230
    painPoints.items.wastedTime.description: 23ee2cc27d33ea110a7c74e0f9307e74
    painPoints.items.fakeOrders.title: a79fa3e18a94e868a6b0bf5ef1398949
    painPoints.items.fakeOrders.description: d2ca78076c453e37d5bc6df7fd4c1ba5
    painPoints.items.lostDms.title: 6a7c5d77330c37cece31da13364d6550
    painPoints.items.lostDms.description: c415430425109c13515be86fe77606b9
    painPoints.items.manualForms.title: a8f2a0c53cf976851f447a0f7ff93ed1
    painPoints.items.manualForms.description: edd79dbcdbcb7607422a6f9777e61f5e
    process.title: ca0a6721c9e22eb1772eee57a9424e1c
    process.steps.createStore.title: 8a79b6c232c1a648c4ff4a99e1ed85d2
    process.steps.createStore.descriptionMobile: ca1a0a2c2b5fd42ecfa6ccb72f14e08f
    process.steps.createStore.descriptionDesktop: c008f202b01064251d67a070957a6541
    process.steps.shareLink.title: e8287199af69190feed3ba2b0d3c4183
    process.steps.shareLink.descriptionMobile: 76a033f350f3efef8d6f2d059ea09612
    process.steps.shareLink.descriptionDesktop: 7dac9173a9ee2ded4f9822da0c00a713
    process.steps.weConfirm.title: 43a8ccf8b11db36146d2050329c55606
    process.steps.weConfirm.descriptionMobile: 81e18ecd644daea496a7ed5f2ee776e9
    process.steps.weConfirm.descriptionDesktop: 6c0d50a72af3cd56853dd98879d670fd
    process.steps.deliveryReady.title: 6ac1525e6b95d8ee5443c668e58f2bda
    process.steps.deliveryReady.descriptionMobile: 34dac4d3301edcde384c68bb70d9310d
    process.steps.deliveryReady.descriptionDesktop: d4b0c2f2c1516eccfaaa31003b0cc992
    automatedConfirmation.eyebrow: 5c59e6eccc25f71801e551d0a67c8da5
    automatedConfirmation.title: 29fe4d0f1c61595915e041a25f536a7d
    automatedConfirmation.description: 5a26e424563005b399c818e8daa0c866
    automatedConfirmation.benefits[0]: 7f30a858a4131d4efb1bcdc161ef1cc2
    automatedConfirmation.benefits[1]: 783e0ab2f15fd927108066bf91897c03
    automatedConfirmation.benefits[2]: 3a62e062791237a04fcf912efed93c40
    automatedConfirmation.guarantee.title: 846ef8c8ea3e5e7dade2ae224aa396d6
    automatedConfirmation.guarantee.description: e1f2028b7eff2fbdf4b84a779ab2d38b
    automatedConfirmation.flowchart.title: 22dac6216e990cccc6083d0c69b78387
    automatedConfirmation.flowchart.steps[0]: ad5b1e5cebcc7a5c441f45ba82060eae
    automatedConfirmation.flowchart.steps[1]: e14d072b4dde8a3a1b77965741e4496e
    automatedConfirmation.flowchart.steps[2]: 8247ad5afcd93e29df21ff65c979f193
    automatedConfirmation.flowchart.steps[3]: 6dc0637b309802e67967269df8f9cb7b
    automatedConfirmation.flowchart.steps[4]: 23eb0a908ef8f54a78d5b1c58d7307ac
    automatedConfirmation.flowchart.steps[5]: 85f6b4186776e356428e44a33666f58b
    features.title: 818b93450f3abdbccdde87594fb5a171
    features.subtitle: a961da0049b46d5292936f50e364ad21
    features.items.telegramAlerts.title: 404c9554dc3cfb8c520796d4114739ba
    features.items.telegramAlerts.descriptionMobile: c9a9e9925efe52c0068e9fdecbfe851e
    features.items.telegramAlerts.descriptionDesktop: 54972f9feb8647b6530230f1541d1208
    features.items.recoverOrders.title: c07d3d09e29d7c44a3c97280e8fdce5e
    features.items.recoverOrders.descriptionMobile: 70d89e28f98ebbe384d6a8259a340c13
    features.items.recoverOrders.descriptionDesktop: df4abd00139a26dc9a5bdf22d7037a8a
    features.items.massNotify.title: 6f1984c9534678c02497cb546f875026
    features.items.massNotify.descriptionMobile: 0e777729be2dcd4eb12948d4c207e21c
    features.items.massNotify.descriptionDesktop: f9307012ca628d7b69a6fb13d52094b7
    features.items.customDomain.title: 96da6def5d9fa22157369871bc8c5ceb
    features.items.customDomain.descriptionMobile: c44fe477bd17b4cb01bc3bed4d7dd8b0
    features.items.customDomain.descriptionDesktop: 3fa7bbe161091fcb5b38908586c643a7
    features.items.instagramBioLink.title: d129667c755cd5949657c9d2d6410e2e
    features.items.instagramBioLink.descriptionMobile: 704295fa155692ad9d23694440cab698
    features.items.instagramBioLink.descriptionDesktop: 6a5aac7a3ba12fbdc8f76823684efacc
    features.items.seoReady.title: 01180bf4fd162ff351b6d4d35e4e3afc
    features.items.seoReady.descriptionMobile: fee5ddac38a04325cf0244929d6c1b97
    features.items.seoReady.descriptionDesktop: d8ae60c9671fba5731a7ee5fe8a8b24c
    features.items.trustDelivery.title: ad5f36d7dc609ac61d9555ecd8cd14e5
    features.items.trustDelivery.descriptionMobile: 851bd12f07bdad1e10d66adf43c3bf1f
    features.items.trustDelivery.descriptionDesktop: e9faeed707fae6eed9aedd2695ac8fa9
    features.items.cleanDashboard.title: 0ab4a6a4c0516818e0757cbed285afd6
    features.items.cleanDashboard.descriptionMobile: 165200f808b5afe2725837578db52c4c
    features.items.cleanDashboard.descriptionDesktop: c6a1fddc6438be26e2c7447ba63d802b
    features.items.invoicingReady.title: acc3c8cc694041f525831a64907f0f6d
    features.items.invoicingReady.descriptionMobile: 78e528887b64251e35caf9c4e843d3c1
    features.items.invoicingReady.descriptionDesktop: a6e53c890a97b6f137a1495ca6085da9
    costCalculator.title: 6bcd234de16bc7d61b962344592112e1
    costCalculator.ordersPerDayLabel: 8773e922dfab074abb9b5ac1affd195a
    costCalculator.ordersPerDaySuffix: 12c500ed0b7879105fb46af0f246be87
    costCalculator.fakeOrdersLabel: 461f9951b0ac9c1df17f7db358e4dafb
    costCalculator.fakeOrdersSuffix: 0bcef9c45bd8a48eda1b26eb0c61c869
    costCalculator.minutesPerCallLabel: d0e8dc59856c9d0b48f4f284653a6f1c
    costCalculator.minutesPerCallSuffix: d8bd79cc131920d5de426f914d17405a
    costCalculator.failedCostLabel: 857018fc46e079e6ab275a93425ae595
    costCalculator.failedCostSuffix: 327c766ac8796b09f63da407c9c8967b
    costCalculator.hoursWastedLabel: eced25fd59f2971a7e668e46ad99ecfe
    costCalculator.moneyLostLabel: 5a5ec3c2a88bb54dff67fc2fa991a8f6
    costCalculator.savingsLabel: 01c06c8b515261a5a07d633d48bac8d4
    costCalculator.savingsPrefix: 26b17225b626fb9238849fd60eabdf60
    costCalculator.perMonth: fc2b9c465fcf3af8429152be64288754
    costCalculator.cta: 8612351045655108a2e5c0185fb1859a
    cta.titleLine1: 7ce2e01fde85392273505b6ebe3ebf54
    cta.titleLine2: 3ba1f33521b322d1b75f71b2803ca898
    cta.subtitle: 8d51c461238e57f2d49ad761c67085a9
    cta.primary: 2562f70d7a577259448234eaabd5e517
    cta.telegramSupport: d13b2c1ceb32f1016309e1ade5acd6e6
    footer.brandName: 7d2af33857c2734b660d85d0cd69032f
    footer.terms: 3b6c2b4caaf4f14f8d7feeddc4ac3f4d
    footer.privacy: fa2ead697d9998cbc65c81384e6533d5
    footer.contact: c08c272bc5648735d560f0ba5114a256
    footer.madeForTunisia: ab7f45a5da29ce9cc341d37de0babfb8
  packages/common/src/locale/storefront/en.json:
    storefront.title: f0dca7e4eaedf573d4664be249845942
    storefront.description: 72a7968024562003a2287b3c4c3949ca
    storefront.store.owner.title: 6b3bc34167e5c57ad206297bdf17078f
    storefront.store.products.title: 068f80c7519d0528fb08e82137a72131
    storefront.store.products.empty: 85c435036ee6b5b6ae8dc26b5c336e3a
    storefront.store.categoryFilter.all: b1c94ca2fbc3e78fc30069c8d0f01680
    storefront.store.filter.button: d7778d0c64b6ba21494c97f77a66885a
    storefront.store.footer.copyright: 5db707f74d87bd123c565cfe06c13522
    storefront.store.footer.poweredBy: 647a731af2b0a777cdb1e9a50adc5c3e
    storefront.store.product.imageCarousel.goToSlide: 9209ab5368c0c4d92f41f9909b3d0b9e
    storefront.store.product.storeInfo.openNow: d5542204a83bcfff17f90ffdbf9711da
    storefront.store.product.storeInfo.closed: 03f4a47830f97377a35321051685071e
    storefront.store.product.sizeSelector.label: 6f6cb72d544962fa333e2e34ce64f719
    storefront.store.product.description.label: b5a7adde1af5c87d7fd797b6245c2a39
    storefront.store.product.addToCart.button: 638f592f71fc3fac3351534e69f9d29f
    storefront.store.product.addToCart.outOfStock: e990b6285ed2a575c561235378a5e691
    storefront.store.product.quickAdd.viewDetails: d248b7896bffb1d7bc56d6378930affb
    storefront.store.product.quickAdd.quantity: 694e8d1f2ee056f98ee488bdc4982d73
    storefront.store.cart.title: c8c2e90c1d7cc78fdb3d6a4f90060522
    storefront.store.cart.empty: a2a24f4120a52aa71620662c73eced9d
    storefront.store.cart.checkout: 6ff063fbc860a79759a7369ac32cee22
    storefront.store.cart.item.lowStock: e448f43c5c168eb801170a0cbce1dc13
    storefront.store.cart.item.outOfStock: b55197a49e8c4cd8c314bc2aa39d6feb
    storefront.store.checkout.title: 6ff063fbc860a79759a7369ac32cee22
    storefront.store.checkout.submitting: 42d69cfb920d42a61484267f7f660be3
    storefront.store.checkout.placeOrder: e7965ae5942a09b8778af5a9fd481460
    storefront.store.checkout.error: e9f36d65b0491f99ef8f0ce2c11bf998
    storefront.store.checkout.delivery.title: 065ab3a28ca4f16f55f103adc7d0226f
    storefront.store.checkout.delivery.fastDelivery: 401f9aac204489d0d1076fc036e4789d
    storefront.store.checkout.delivery.fullName: f11b368cddfe37c47af9b9d91c6ba4f0
    storefront.store.checkout.delivery.phone: bcc254b55c4a1babdf1dcb82c207506b
    storefront.store.checkout.delivery.whatsapp: 61074d3dbebc9b0c6593e91182f079fc
    storefront.store.checkout.delivery.whatsappDescription: 7f9541442a59af56034f187cea186757
    storefront.store.checkout.delivery.streetAddress: 669a90ec9aac95cd93556470ddaebf44
    storefront.store.checkout.delivery.city: 57d056ed0984166336b7879c2af3657f
    storefront.store.checkout.delivery.postalCode: 572ed696f21038e6cc6c86bb272a3222
    storefront.store.checkout.delivery.instructions: d0f5987ecd37b9d842a0afd9468ba5d0
    storefront.store.checkout.delivery.useLocation: a019813051b493024557ee538fcd1823
    storefront.store.checkout.delivery.useLocationDescription: 62b8d91a8435328dd013ab096977913f
    storefront.store.checkout.delivery.locationErrorTitle: 4700c95b60a6c454600c0188850da105
    storefront.store.checkout.delivery.locationErrorDescription: f5686a39eb156aa42d9c6f0c19a8c2f9
    storefront.store.checkout.payment.title: c453a4b8e8d98e82f35b67f433e3b4da
    storefront.store.checkout.payment.cod: 52be6587817dd45228a813c2508cdb7a
    storefront.store.checkout.payment.creditCard: 73a61696f100b3858511e212a3feea6b
    storefront.store.checkout.payment.comingSoon: 81151a1669ebd695e837f304a0d8ec79
    storefront.store.checkout.orderSummary.title: a240fa27925a635b08dc28c9e4f9216d
    storefront.store.checkout.orderSummary.subtotal: 2194aaec8cc7086ab0e93f74547e5f53
    storefront.store.checkout.orderSummary.shipping: ea9cf7e47ff33b2be14e6dd07cbcefc6
    storefront.store.checkout.orderSummary.total: 96b0141273eabab320119c467cdcaf17
    storefront.store.checkout.orderSummary.free: b24ce0cd392a5b0b8dedc66c25213594
    storefront.store.checkout.orderSummary.quantity: 694e8d1f2ee056f98ee488bdc4982d73
    storefront.store.checkout.success.title: 6fd1e8e08563b1a2395badaed519db86
    storefront.store.checkout.success.message: 63c505e8a46d82a5b30ef376401f40e7
    storefront.store.checkout.success.continueShopping: c20905e8fdd34a1bf81984e597436134
    storefront.storeSelector.heading: a4838f49c5701e128d7695c3dc45083c
    storefront.storeSelector.description: d72cb364341ab1c5fc3c02ccf63bbd97
    storefront.storeSelector.placeholder: ce1b54d2bbf9b880ca9e0eec38e746ab
    storefront.storeSelector.button: 0bba1dc9f0f124b0a4c3a1de5b9d96b2
    storefront.storeSelector.loading: 8524de963f07201e5c086830d370797f
    storefront.storeSelector.errorNotFound: e8225f4e058e8a33ea91106955767dd3
    storefront.storeSelector.errorReserved: 09000e2acd6db2c96cf1ef9ed7f80c7f
    storefront.comingSoon.heading: bc14b01ef9721608391a4d58565a5fdb
    storefront.comingSoon.description.line1: 1d881afbdd3af521120718b3def84876
    storefront.comingSoon.description.line2: 7b213864800e2f12bb32bbf44e65d96f
    storefront.comingSoon.input.placeholder: f5ebc8d38f363c3313ee9812dbd82e1c
    storefront.comingSoon.button.label: 5c8e6fb71f9831e259d0e52c095acc38
    storefront.comingSoon.button.submitting: 528785f925f4ccbf3a8ca717125fcaed
    storefront.comingSoon.success: 40f3c900cfed74e1b848cc595b71a9cf
    storefront.comingSoon.error: e9f36d65b0491f99ef8f0ce2c11bf998
    storefront.comingSoon.privacy: 0f5d7793ff759ad336d50092b8857518
